
Microsoft Visual Studio Solution File, Format Version 12.00
# Visual Studio Version 16
VisualStudioVersion = 16.0.29409.12
MinimumVisualStudioVersion = 10.0.40219.1
Project("{FAE04EC0-301F-11D3-BF4B-00C04F79EFBC}") = "Milestone2", "Milestone2\Milestone2.csproj", "{7806CA72-C205-49B3-861D-B879A41116F6}"
EndProject
Global
	GlobalSection(SolutionConfigurationPlatforms) = preSolution
		Debug|Any CPU = Debug|Any CPU
		Release|Any CPU = Release|Any CPU
	EndGlobalSection
	GlobalSection(ProjectConfigurationPlatforms) = postSolution
		{7806CA72-C205-49B3-861D-B879A41116F6}.Debug|Any CPU.ActiveCfg = Debug|Any CPU
		{7806CA72-C205-49B3-861D-B879A41116F6}.Debug|Any CPU.Build.0 = Debug|Any CPU
		{7806CA72-C205-49B3-861D-B879A41116F6}.Release|Any CPU.ActiveCfg = Release|Any CPU
		{7806CA72-C205-49B3-861D-B879A41116F6}.Release|Any CPU.Build.0 = Release|Any CPU
	EndGlobalSection
	GlobalSection(SolutionProperties) = preSolution
		HideSolutionNode = FALSE
	EndGlobalSection
	GlobalSection(ExtensibilityGlobals) = postSolution
		SolutionGuid = {BD0E7963-76E5-44F1-BDC7-C49F0A425697}
	EndGlobalSection
EndGlobal
